// !$*UTF8*$!
{
	archiveVersion = 1;
	classes = {
	};
	objectVersion = 50;
	objects = {

/* Begin PBXBuildFile section */
		0C6DB90F257790F100AB97D1 /* AppDelegate.m in Sources */ = {isa = PBXBuildFile; fileRef = 0C6DB90E257790F100AB97D1 /* AppDelegate.m */; };
		0C6DB912257790F100AB97D1 /* SceneDelegate.m in Sources */ = {isa = PBXBuildFile; fileRef = 0C6DB911257790F100AB97D1 /* SceneDelegate.m */; };
		0C6DB915257790F100AB97D1 /* ViewController.m in Sources */ = {isa = PBXBuildFile; fileRef = 0C6DB914257790F100AB97D1 /* ViewController.m */; };
		0C6DB918257790F100AB97D1 /* Main.storyboard in Resources */ = {isa = PBXBuildFile; fileRef = 0C6DB916257790F100AB97D1 /* Main.storyboard */; };
		0C6DB91A257790F300AB97D1 /* Assets.xcassets in Resources */ = {isa = PBXBuildFile; fileRef = 0C6DB919257790F300AB97D1 /* Assets.xcassets */; };
		0C6DB91D257790F300AB97D1 /* LaunchScreen.storyboard in Resources */ = {isa = PBXBuildFile; fileRef = 0C6DB91B257790F300AB97D1 /* LaunchScreen.storyboard */; };
		0C6DB920257790F300AB97D1 /* main.m in Sources */ = {isa = PBXBuildFile; fileRef = 0C6DB91F257790F300AB97D1 /* main.m */; };
		0C6DB9742577964F00AB97D1 /* libStaticLibrary.a in Frameworks */ = {isa = PBXBuildFile; fileRef = 0C6DB9702577964F00AB97D1 /* libStaticLibrary.a */; };
/* End PBXBuildFile section */

/* Begin PBXFileReference section */
		0C6DB90A257790F100AB97D1 /* StaticLibraryDemo.app */ = {isa = PBXFileReference; explicitFileType = wrapper.application; includeInIndex = 0; path = StaticLibraryDemo.app; sourceTree = BUILT_PRODUCTS_DIR; };
		0C6DB90D257790F100AB97D1 /* AppDelegate.h */ = {isa = PBXFileReference; lastKnownFileType = sourcecode.c.h; path = AppDelegate.h; sourceTree = "<group>"; };
		0C6DB90E257790F100AB97D1 /* AppDelegate.m */ = {isa = PBXFileReference; lastKnownFileType = sourcecode.c.objc; path = AppDelegate.m; sourceTree = "<group>"; };
		0C6DB910257790F100AB97D1 /* SceneDelegate.h */ = {isa = PBXFileReference; lastKnownFileType = sourcecode.c.h; path = SceneDelegate.h; sourceTree = "<group>"; };
		0C6DB911257790F100AB97D1 /* SceneDelegate.m */ = {isa = PBXFileReference; lastKnownFileType = sourcecode.c.objc; path = SceneDelegate.m; sourceTree = "<group>"; };
		0C6DB913257790F100AB97D1 /* ViewController.h */ = {isa = PBXFileReference; lastKnownFileType = sourcecode.c.h; path = ViewController.h; sourceTree = "<group>"; };
		0C6DB914257790F100AB97D1 /* ViewController.m */ = {isa = PBXFileReference; lastKnownFileType = sourcecode.c.objc; path = ViewController.m; sourceTree = "<group>"; };
		0C6DB917257790F100AB97D1 /* Base */ = {isa = PBXFileReference; lastKnownFileType = file.storyboard; name = Base; path = Base.lproj/Main.storyboard; sourceTree = "<group>"; };
		0C6DB919257790F300AB97D1 /* Assets.xcassets */ = {isa = PBXFileReference; lastKnownFileType = folder.assetcatalog; path = Assets.xcassets; sourceTree = "<group>"; };
		0C6DB91C257790F300AB97D1 /* Base */ = {isa = PBXFileReference; lastKnownFileType = file.storyboard; name = Base; path = Base.lproj/LaunchScreen.storyboard; sourceTree = "<group>"; };
		0C6DB91E257790F300AB97D1 /* Info.plist */ = {isa = PBXFileReference; lastKnownFileType = text.plist.xml; path = Info.plist; sourceTree = "<group>"; };
		0C6DB91F257790F300AB97D1 /* main.m */ = {isa = PBXFileReference; lastKnownFileType = sourcecode.c.objc; path = main.m; sourceTree = "<group>"; };
		0C6DB9702577964F00AB97D1 /* libStaticLibrary.a */ = {isa = PBXFileReference; lastKnownFileType = archive.ar; path = libStaticLibrary.a; sourceTree = "<group>"; };
		0C6DB9722577964F00AB97D1 /* StaticLibrary_2.h */ = {isa = PBXFileReference; fileEncoding = 4; lastKnownFileType = sourcecode.c.h; path = StaticLibrary_2.h; sourceTree = "<group>"; };
		0C6DB9732577964F00AB97D1 /* StaticLibrary.h */ = {isa = PBXFileReference; fileEncoding = 4; lastKnownFileType = sourcecode.c.h; path = StaticLibrary.h; sourceTree = "<group>"; };
/* End PBXFileReference section */

/* Begin PBXFrameworksBuildPhase section */
		0C6DB907257790F100AB97D1 /* Frameworks */ = {
			isa = PBXFrameworksBuildPhase;
			buildActionMask = 2147483647;
			files = (
				0C6DB9742577964F00AB97D1 /* libStaticLibrary.a in Frameworks */,
			);
			runOnlyForDeploymentPostprocessing = 0;
		};
/* End PBXFrameworksBuildPhase section */

/* Begin PBXGroup section */
		0C6DB901257790F100AB97D1 = {
			isa = PBXGroup;
			children = (
				0C6DB90C257790F100AB97D1 /* StaticLibraryDemo */,
				0C6DB90B257790F100AB97D1 /* Products */,
			);
			sourceTree = "<group>";
		};
		0C6DB90B257790F100AB97D1 /* Products */ = {
			isa = PBXGroup;
			children = (
				0C6DB90A257790F100AB97D1 /* StaticLibraryDemo.app */,
			);
			name = Products;
			sourceTree = "<group>";
		};
		0C6DB90C257790F100AB97D1 /* StaticLibraryDemo */ = {
			isa = PBXGroup;
			children = (
				0C6DB90D257790F100AB97D1 /* AppDelegate.h */,
				0C6DB90E257790F100AB97D1 /* AppDelegate.m */,
				0C6DB910257790F100AB97D1 /* SceneDelegate.h */,
				0C6DB911257790F100AB97D1 /* SceneDelegate.m */,
				0C6DB913257790F100AB97D1 /* ViewController.h */,
				0C6DB914257790F100AB97D1 /* ViewController.m */,
				0C6DB96F2577964F00AB97D1 /* StaticLibrary */,
				0C6DB916257790F100AB97D1 /* Main.storyboard */,
				0C6DB919257790F300AB97D1 /* Assets.xcassets */,
				0C6DB91B257790F300AB97D1 /* LaunchScreen.storyboard */,
				0C6DB91E257790F300AB97D1 /* Info.plist */,
				0C6DB91F257790F300AB97D1 /* main.m */,
			);
			path = StaticLibraryDemo;
			sourceTree = "<group>";
		};
		0C6DB96F2577964F00AB97D1 /* StaticLibrary */ = {
			isa = PBXGroup;
			children = (
				0C6DB9702577964F00AB97D1 /* libStaticLibrary.a */,
				0C6DB9712577964F00AB97D1 /* Headers */,
			);
			path = StaticLibrary;
			sourceTree = "<group>";
		};
		0C6DB9712577964F00AB97D1 /* Headers */ = {
			isa = PBXGroup;
			children = (
				0C6DB9722577964F00AB97D1 /* StaticLibrary_2.h */,
				0C6DB9732577964F00AB97D1 /* StaticLibrary.h */,
			);
			path = Headers;
			sourceTree = "<group>";
		};
/* End PBXGroup section */

/* Begin PBXNativeTarget section */
		0C6DB909257790F100AB97D1 /* StaticLibraryDemo */ = {
			isa = PBXNativeTarget;
			buildConfigurationList = 0C6DB923257790F300AB97D1 /* Build configuration list for PBXNativeTarget "StaticLibraryDemo" */;
			buildPhases = (
				0C6DB906257790F100AB97D1 /* Sources */,
				0C6DB907257790F100AB97D1 /* Frameworks */,
				0C6DB908257790F100AB97D1 /* Resources */,
			);
			buildRules = (
			);
			dependencies = (
			);
			name = StaticLibraryDemo;
			productName = StaticLibraryDemo;
			productReference = 0C6DB90A257790F100AB97D1 /* StaticLibraryDemo.app */;
			productType = "com.apple.product-type.application";
		};
/* End PBXNativeTarget section */

/* Begin PBXProject section */
		0C6DB902257790F100AB97D1 /* Project object */ = {
			isa = PBXProject;
			attributes = {
				LastUpgradeCheck = 1220;
				TargetAttributes = {
					0C6DB909257790F100AB97D1 = {
						CreatedOnToolsVersion = 12.2;
					};
				};
			};
			buildConfigurationList = 0C6DB905257790F100AB97D1 /* Build configuration list for PBXProject "StaticLibraryDemo" */;
			compatibilityVersion = "Xcode 9.3";
			developmentRegion = en;
			hasScannedForEncodings = 0;
			knownRegions = (
				en,
				Base,
			);
			mainGroup = 0C6DB901257790F100AB97D1;
			productRefGroup = 0C6DB90B257790F100AB97D1 /* Products */;
			projectDirPath = "";
			projectRoot = "";
			targets = (
				0C6DB909257790F100AB97D1 /* StaticLibraryDemo */,
			);
		};
/* End PBXProject section */

/* Begin PBXResourcesBuildPhase section */
		0C6DB908257790F100AB97D1 /* Resources */ = {
			isa = PBXResourcesBuildPhase;
			buildActionMask = 2147483647;
			files = (
				0C6DB91D257790F300AB97D1 /* LaunchScreen.storyboard in Resources */,
				0C6DB91A257790F300AB97D1 /* Assets.xcassets in Resources */,
				0C6DB918257790F100AB97D1 /* Main.storyboard in Resources */,
			);
			runOnlyForDeploymentPostprocessing = 0;
		};
/* End PBXResourcesBuildPhase section */

/* Begin PBXSourcesBuildPhase section */
		0C6DB906257790F100AB97D1 /* Sources */ = {
			isa = PBXSourcesBuildPhase;
			buildActionMask = 2147483647;
			files = (
				0C6DB915257790F100AB97D1 /* ViewController.m in Sources */,
				0C6DB90F257790F100AB97D1 /* AppDelegate.m in Sources */,
				0C6DB920257790F300AB97D1 /* main.m in Sources */,
				0C6DB912257790F100AB97D1 /* SceneDelegate.m in Sources */,
			);
			runOnlyForDeploymentPostprocessing = 0;
		};
/* End PBXSourcesBuildPhase section */

/* Begin PBXVariantGroup section */
		0C6DB916257790F100AB97D1 /* Main.storyboard */ = {
			isa = PBXVariantGroup;
			children = (
				0C6DB917257790F100AB97D1 /* Base */,
			);
			name = Main.storyboard;
			sourceTree = "<group>";
		};
		0C6DB91B257790F300AB97D1 /* LaunchScreen.storyboard */ = {
			isa = PBXVariantGroup;
			children = (
				0C6DB91C257790F300AB97D1 /* Base */,
			);
			name = LaunchScreen.storyboard;
			sourceTree = "<group>";
		};
/* End PBXVariantGroup section */

/* Begin XCBuildConfiguration section */
		0C6DB921257790F300AB97D1 /* Debug */ = {
			isa = XCBuildConfiguration;
			buildSettings = {
				ALWAYS_SEARCH_USER_PATHS = NO;
				CLANG_ANALYZER_NONNULL = YES;
				CLANG_ANALYZER_NUMBER_OBJECT_CONVERSION = YES_AGGRESSIVE;
				CLANG_CXX_LANGUAGE_STANDARD = "gnu++14";
				CLANG_CXX_LIBRARY = "libc++";
				CLANG_ENABLE_MODULES = YES;
				CLANG_ENABLE_OBJC_ARC = YES;
				CLANG_ENABLE_OBJC_WEAK = YES;
				CLANG_WARN_BLOCK_CAPTURE_AUTORELEASING = YES;
				CLANG_WARN_BOOL_CONVERSION = YES;
				CLANG_WARN_COMMA = YES;
				CLANG_WARN_CONSTANT_CONVERSION = YES;
				CLANG_WARN_DEPRECATED_OBJC_IMPLEMENTATIONS = YES;
				CLANG_WARN_DIRECT_OBJC_ISA_USAGE = YES_ERROR;
				CLANG_WARN_DOCUMENTATION_COMMENTS = YES;
				CLANG_WARN_EMPTY_BODY = YES;
				CLANG_WARN_ENUM_CONVERSION = YES;
				CLANG_WARN_INFINITE_RECURSION = YES;
				CLANG_WARN_INT_CONVERSION = YES;
				CLANG_WARN_NON_LITERAL_NULL_CONVERSION = YES;
				CLANG_WARN_OBJC_IMPLICIT_RETAIN_SELF = YES;
				CLANG_WARN_OBJC_LITERAL_CONVERSION = YES;
				CLANG_WARN_OBJC_ROOT_CLASS = YES_ERROR;
				CLANG_WARN_QUOTED_INCLUDE_IN_FRAMEWORK_HEADER = YES;
				CLANG_WARN_RANGE_LOOP_ANALYSIS = YES;
				CLANG_WARN_STRICT_PROTOTYPES = YES;
				CLANG_WARN_SUSPICIOUS_MOVE = YES;
				CLANG_WARN_UNGUARDED_AVAILABILITY = YES_AGGRESSIVE;
				CLANG_WARN_UNREACHABLE_CODE = YES;
				CLANG_WARN__DUPLICATE_METHOD_MATCH = YES;
				COPY_PHASE_STRIP = NO;
				DEBUG_INFORMATION_FORMAT = dwarf;
				ENABLE_STRICT_OBJC_MSGSEND = YES;
				ENABLE_TESTABILITY = YES;
				GCC_C_LANGUAGE_STANDARD = gnu11;
				GCC_DYNAMIC_NO_PIC = NO;
				GCC_NO_COMMON_BLOCKS = YES;
				GCC_OPTIMIZATION_LEVEL = 0;
				GCC_PREPROCESSOR_DEFINITIONS = (
					"DEBUG=1",
					"$(inherited)",
				);
				GCC_WARN_64_TO_32_BIT_CONVERSION = YES;
				GCC_WARN_ABOUT_RETURN_TYPE = YES_ERROR;
				GCC_WARN_UNDECLARED_SELECTOR = YES;
				GCC_WARN_UNINITIALIZED_AUTOS = YES_AGGRESSIVE;
				GCC_WARN_UNUSED_FUNCTION = YES;
				GCC_WARN_UNUSED_VARIABLE = YES;
				IPHONEOS_DEPLOYMENT_TARGET = 14.0;
				MTL_ENABLE_DEBUG_INFO = INCLUDE_SOURCE;
				MTL_FAST_MATH = YES;
				ONLY_ACTIVE_ARCH = YES;
				SDKROOT = iphoneos;
			};
			name = Debug;
		};
		0C6DB922257790F300AB97D1 /* Release */ = {
			isa = XCBuildConfiguration;
			buildSettings = {
				ALWAYS_SEARCH_USER_PATHS = NO;
				CLANG_ANALYZER_NONNULL = YES;
				CLANG_ANALYZER_NUMBER_OBJECT_CONVERSION = YES_AGGRESSIVE;
				CLANG_CXX_LANGUAGE_STANDARD = "gnu++14";
				CLANG_CXX_LIBRARY = "libc++";
				CLANG_ENABLE_MODULES = YES;
				CLANG_ENABLE_OBJC_ARC = YES;
				CLANG_ENABLE_OBJC_WEAK = YES;
				CLANG_WARN_BLOCK_CAPTURE_AUTORELEASING = YES;
				CLANG_WARN_BOOL_CONVERSION = YES;
				CLANG_WARN_COMMA = YES;
				CLANG_WARN_CONSTANT_CONVERSION = YES;
				CLANG_WARN_DEPRECATED_OBJC_IMPLEMENTATIONS = YES;
				CLANG_WARN_DIRECT_OBJC_ISA_USAGE = YES_ERROR;
				CLANG_WARN_DOCUMENTATION_COMMENTS = YES;
				CLANG_WARN_EMPTY_BODY = YES;
				CLANG_WARN_ENUM_CONVERSION = YES;
				CLANG_WARN_INFINITE_RECURSION = YES;
				CLANG_WARN_INT_CONVERSION = YES;
				CLANG_WARN_NON_LITERAL_NULL_CONVERSION = YES;
				CLANG_WARN_OBJC_IMPLICIT_RETAIN_SELF = YES;
				CLANG_WARN_OBJC_LITERAL_CONVERSION = YES;
				CLANG_WARN_OBJC_ROOT_CLASS = YES_ERROR;
				CLANG_WARN_QUOTED_INCLUDE_IN_FRAMEWORK_HEADER = YES;
				CLANG_WARN_RANGE_LOOP_ANALYSIS = YES;
				CLANG_WARN_STRICT_PROTOTYPES = YES;
				CLANG_WARN_SUSPICIOUS_MOVE = YES;
				CLANG_WARN_UNGUARDED_AVAILABILITY = YES_AGGRESSIVE;
				CLANG_WARN_UNREACHABLE_CODE = YES;
				CLANG_WARN__DUPLICATE_METHOD_MATCH = YES;
				COPY_PHASE_STRIP = NO;
				DEBUG_INFORMATION_FORMAT = "dwarf-with-dsym";
				ENABLE_NS_ASSERTIONS = NO;
				ENABLE_STRICT_OBJC_MSGSEND = YES;
				GCC_C_LANGUAGE_STANDARD = gnu11;
				GCC_NO_COMMON_BLOCKS = YES;
				GCC_WARN_64_TO_32_BIT_CONVERSION = YES;
				GCC_WARN_ABOUT_RETURN_TYPE = YES_ERROR;
				GCC_WARN_UNDECLARED_SELECTOR = YES;
				GCC_WARN_UNINITIALIZED_AUTOS = YES_AGGRESSIVE;
				GCC_WARN_UNUSED_FUNCTION = YES;
				GCC_WARN_UNUSED_VARIABLE = YES;
				IPHONEOS_DEPLOYMENT_TARGET = 14.0;
				MTL_ENABLE_DEBUG_INFO = NO;
				MTL_FAST_MATH = YES;
				SDKROOT = iphoneos;
				VALIDATE_PRODUCT = YES;
			};
			name = Release;
		};
		0C6DB924257790F300AB97D1 /* Debug */ = {
			isa = XCBuildConfiguration;
			buildSettings = {
				ASSETCATALOG_COMPILER_APPICON_NAME = AppIcon;
				ASSETCATALOG_COMPILER_GLOBAL_ACCENT_COLOR_NAME = AccentColor;
				CODE_SIGN_STYLE = Automatic;
				DEVELOPMENT_TEAM = 46MPKUG8R9;
				INFOPLIST_FILE = StaticLibraryDemo/Info.plist;
				LD_RUNPATH_SEARCH_PATHS = (
					"$(inherited)",
					"@executable_path/Frameworks",
				);
				LIBRARY_SEARCH_PATHS = (
					"$(inherited)",
					"$(PROJECT_DIR)/StaticLibraryDemo/StaticLibrary",
				);
				OTHER_LDFLAGS = "";
				PRODUCT_BUNDLE_IDENTIFIER = com.test.StaticLibraryDemo;
				PRODUCT_NAME = "$(TARGET_NAME)";
				TARGETED_DEVICE_FAMILY = "1,2";
			};
			name = Debug;
		};
		0C6DB925257790F300AB97D1 /* Release */ = {
			isa = XCBuildConfiguration;
			buildSettings = {
				ASSETCATALOG_COMPILER_APPICON_NAME = AppIcon;
				ASSETCATALOG_COMPILER_GLOBAL_ACCENT_COLOR_NAME = AccentColor;
				CODE_SIGN_STYLE = Automatic;
				DEVELOPMENT_TEAM = 46MPKUG8R9;
				INFOPLIST_FILE = StaticLibraryDemo/Info.plist;
				LD_RUNPATH_SEARCH_PATHS = (
					"$(inherited)",
					"@executable_path/Frameworks",
				);
				LIBRARY_SEARCH_PATHS = (
					"$(inherited)",
					"$(PROJECT_DIR)/StaticLibraryDemo/StaticLibrary",
				);
				OTHER_LDFLAGS = "";
				PRODUCT_BUNDLE_IDENTIFIER = com.test.StaticLibraryDemo;
				PRODUCT_NAME = "$(TARGET_NAME)";
				TARGETED_DEVICE_FAMILY = "1,2";
			};
			name = Release;
		};
/* End XCBuildConfiguration section */

/* Begin XCConfigurationList section */
		0C6DB905257790F100AB97D1 /* Build configuration list for PBXProject "StaticLibraryDemo" */ = {
			isa = XCConfigurationList;
			buildConfigurations = (
				0C6DB921257790F300AB97D1 /* Debug */,
				0C6DB922257790F300AB97D1 /* Release */,
			);
			defaultConfigurationIsVisible = 0;
			defaultConfigurationName = Release;
		};
		0C6DB923257790F300AB97D1 /* Build configuration list for PBXNativeTarget "StaticLibraryDemo" */ = {
			isa = XCConfigurationList;
			buildConfigurations = (
				0C6DB924257790F300AB97D1 /* Debug */,
				0C6DB925257790F300AB97D1 /* Release */,
			);
			defaultConfigurationIsVisible = 0;
			defaultConfigurationName = Release;
		};
/* End XCConfigurationList section */
	};
	rootObject = 0C6DB902257790F100AB97D1 /* Project object */;
}
